// !$*UTF8*$!
{
	archiveVersion = 1;
	classes = {
	};
	objectVersion = 56;
	objects = {

/* Begin PBXBuildFile section */
		0B0BD338299BB1F400268D44 /* DrawView.swift in Sources */ = {isa = PBXBuildFile; fileRef = 0B0BD337299BB1F400268D44 /* DrawView.swift */; };
		0B0BD33A299BB95100268D44 /* PKCanvasRepresentation.swift in Sources */ = {isa = PBXBuildFile; fileRef = 0B0BD339299BB95100268D44 /* PKCanvasRepresentation.swift */; };
		0B0BD33D299BC58500268D44 /* ReferenceImage.swift in Sources */ = {isa = PBXBuildFile; fileRef = 0B0BD33C299BC58500268D44 /* ReferenceImage.swift */; };
		0B0BD340299BC9DA00268D44 /* ZoomableScrollView.swift in Sources */ = {isa = PBXBuildFile; fileRef = 0B0BD33F299BC9DA00268D44 /* ZoomableScrollView.swift */; };
		0B0BD342299BC9F800268D44 /* FullPictureView.swift in Sources */ = {isa = PBXBuildFile; fileRef = 0B0BD341299BC9F800268D44 /* FullPictureView.swift */; };
		0B0BD344299BCA5A00268D44 /* FullScreenModalView.swift in Sources */ = {isa = PBXBuildFile; fileRef = 0B0BD343299BCA5900268D44 /* FullScreenModalView.swift */; };
		0B0BD346299D134800268D44 /* UndoAndRedoButtons.swift in Sources */ = {isa = PBXBuildFile; fileRef = 0B0BD345299D134800268D44 /* UndoAndRedoButtons.swift */; };
		0D6B013B299BB84A00B34135 /* Comfortaa-Regular.ttf in Resources */ = {isa = PBXBuildFile; fileRef = 0D6B0139299BB84A00B34135 /* Comfortaa-Regular.ttf */; };
		0D6B013C299BB84A00B34135 /* Comfortaa-Bold.ttf in Resources */ = {isa = PBXBuildFile; fileRef = 0D6B013A299BB84A00B34135 /* Comfortaa-Bold.ttf */; };
		0D6B013E299BCABD00B34135 /* GalleryPreviews.swift in Sources */ = {isa = PBXBuildFile; fileRef = 0D6B013D299BCABD00B34135 /* GalleryPreviews.swift */; };
		0DA7958C299A7B18003CA2AC /* DailyDoodleApp.swift in Sources */ = {isa = PBXBuildFile; fileRef = 0DA7958B299A7B18003CA2AC /* DailyDoodleApp.swift */; };
		0DA79590299A7B19003CA2AC /* Assets.xcassets in Resources */ = {isa = PBXBuildFile; fileRef = 0DA7958F299A7B19003CA2AC /* Assets.xcassets */; };
		0DA79593299A7B19003CA2AC /* Preview Assets.xcassets in Resources */ = {isa = PBXBuildFile; fileRef = 0DA79592299A7B19003CA2AC /* Preview Assets.xcassets */; };
		0DA7959B299BA73E003CA2AC /* Elements.swift in Sources */ = {isa = PBXBuildFile; fileRef = 0DA7959A299BA73E003CA2AC /* Elements.swift */; };
		D63C9AC3299BB6C2008058B8 /* DailyDoodleModel.xcdatamodeld in Sources */ = {isa = PBXBuildFile; fileRef = D63C9AC1299BB6C2008058B8 /* DailyDoodleModel.xcdatamodeld */; };
		D63C9AC5299BB71F008058B8 /* Drawing.swift in Sources */ = {isa = PBXBuildFile; fileRef = D63C9AC4299BB71F008058B8 /* Drawing.swift */; };
		D63C9AC8299BB85F008058B8 /* Persistence.swift in Sources */ = {isa = PBXBuildFile; fileRef = D63C9AC7299BB85F008058B8 /* Persistence.swift */; };
		D64750C6299E5DF6003D6CC3 /* GalleryScreenView.swift in Sources */ = {isa = PBXBuildFile; fileRef = D64750C5299E5DF6003D6CC3 /* GalleryScreenView.swift */; };
		D6E66F82299E631300532219 /* ContentView.swift in Sources */ = {isa = PBXBuildFile; fileRef = D6E66F81299E631300532219 /* ContentView.swift */; };
/* End PBXBuildFile section */

/* Begin PBXFileReference section */
		0B0BD337299BB1F400268D44 /* DrawView.swift */ = {isa = PBXFileReference; lastKnownFileType = sourcecode.swift; path = DrawView.swift; sourceTree = "<group>"; };
		0B0BD339299BB95100268D44 /* PKCanvasRepresentation.swift */ = {isa = PBXFileReference; lastKnownFileType = sourcecode.swift; path = PKCanvasRepresentation.swift; sourceTree = "<group>"; };
		0B0BD33C299BC58500268D44 /* ReferenceImage.swift */ = {isa = PBXFileReference; lastKnownFileType = sourcecode.swift; path = ReferenceImage.swift; sourceTree = "<group>"; };
		0B0BD33F299BC9DA00268D44 /* ZoomableScrollView.swift */ = {isa = PBXFileReference; lastKnownFileType = sourcecode.swift; path = ZoomableScrollView.swift; sourceTree = "<group>"; };
		0B0BD341299BC9F800268D44 /* FullPictureView.swift */ = {isa = PBXFileReference; lastKnownFileType = sourcecode.swift; path = FullPictureView.swift; sourceTree = "<group>"; };
		0B0BD343299BCA5900268D44 /* FullScreenModalView.swift */ = {isa = PBXFileReference; lastKnownFileType = sourcecode.swift; path = FullScreenModalView.swift; sourceTree = "<group>"; };
		0B0BD345299D134800268D44 /* UndoAndRedoButtons.swift */ = {isa = PBXFileReference; lastKnownFileType = sourcecode.swift; path = UndoAndRedoButtons.swift; sourceTree = "<group>"; };
		0D6B0139299BB84A00B34135 /* Comfortaa-Regular.ttf */ = {isa = PBXFileReference; lastKnownFileType = file; path = "Comfortaa-Regular.ttf"; sourceTree = "<group>"; };
		0D6B013A299BB84A00B34135 /* Comfortaa-Bold.ttf */ = {isa = PBXFileReference; lastKnownFileType = file; path = "Comfortaa-Bold.ttf"; sourceTree = "<group>"; };
		0D6B013D299BCABD00B34135 /* GalleryPreviews.swift */ = {isa = PBXFileReference; lastKnownFileType = sourcecode.swift; path = GalleryPreviews.swift; sourceTree = "<group>"; };
		0DA79588299A7B18003CA2AC /* DailyDoodle.app */ = {isa = PBXFileReference; explicitFileType = wrapper.application; includeInIndex = 0; path = DailyDoodle.app; sourceTree = BUILT_PRODUCTS_DIR; };
		0DA7958B299A7B18003CA2AC /* DailyDoodleApp.swift */ = {isa = PBXFileReference; lastKnownFileType = sourcecode.swift; path = DailyDoodleApp.swift; sourceTree = "<group>"; };
		0DA7958F299A7B19003CA2AC /* Assets.xcassets */ = {isa = PBXFileReference; lastKnownFileType = folder.assetcatalog; path = Assets.xcassets; sourceTree = "<group>"; };
		0DA79592299A7B19003CA2AC /* Preview Assets.xcassets */ = {isa = PBXFileReference; lastKnownFileType = folder.assetcatalog; path = "Preview Assets.xcassets"; sourceTree = "<group>"; };
		0DA7959A299BA73E003CA2AC /* Elements.swift */ = {isa = PBXFileReference; lastKnownFileType = sourcecode.swift; path = Elements.swift; sourceTree = "<group>"; };
		D63C9AC2299BB6C2008058B8 /* DailyDoodleModel.xcdatamodel */ = {isa = PBXFileReference; lastKnownFileType = wrapper.xcdatamodel; path = DailyDoodleModel.xcdatamodel; sourceTree = "<group>"; };
		D63C9AC4299BB71F008058B8 /* Drawing.swift */ = {isa = PBXFileReference; lastKnownFileType = sourcecode.swift; name = Drawing.swift; path = ../../../../../../Drawing.swift; sourceTree = "<group>"; };
		D63C9AC6299BB822008058B8 /* Info.plist */ = {isa = PBXFileReference; lastKnownFileType = text.plist; path = Info.plist; sourceTree = "<group>"; };
		D63C9AC7299BB85F008058B8 /* Persistence.swift */ = {isa = PBXFileReference; lastKnownFileType = sourcecode.swift; name = Persistence.swift; path = ../../../../../../Persistence.swift; sourceTree = "<group>"; };
		D63C9AC9299BB88F008058B8 /* DailyDoodleRelease.entitlements */ = {isa = PBXFileReference; lastKnownFileType = text.plist.entitlements; path = DailyDoodleRelease.entitlements; sourceTree = "<group>"; };
		D63C9ACA299BBA20008058B8 /* DailyDoodleModelV2.xcdatamodel */ = {isa = PBXFileReference; lastKnownFileType = wrapper.xcdatamodel; path = DailyDoodleModelV2.xcdatamodel; sourceTree = "<group>"; };
		D64750C5299E5DF6003D6CC3 /* GalleryScreenView.swift */ = {isa = PBXFileReference; lastKnownFileType = sourcecode.swift; path = GalleryScreenView.swift; sourceTree = "<group>"; };
		D6E66F81299E631300532219 /* ContentView.swift */ = {isa = PBXFileReference; lastKnownFileType = sourcecode.swift; name = ContentView.swift; path = ../../../../ContentView.swift; sourceTree = "<group>"; };
/* End PBXFileReference section */

/* Begin PBXFrameworksBuildPhase section */
		0DA79585299A7B18003CA2AC /* Frameworks */ = {
			isa = PBXFrameworksBuildPhase;
			buildActionMask = 2147483647;
			files = (
			);
			runOnlyForDeploymentPostprocessing = 0;
		};
/* End PBXFrameworksBuildPhase section */

/* Begin PBXGroup section */
		0B0BD335299BB12F00268D44 /* View */ = {
			isa = PBXGroup;
			children = (
				0B0BD33B299BC56100268D44 /* Components */,
				0B0BD336299BB13A00268D44 /* Draw */,
			);
			path = View;
			sourceTree = "<group>";
		};
		0B0BD336299BB13A00268D44 /* Draw */ = {
			isa = PBXGroup;
			children = (
				0B0BD337299BB1F400268D44 /* DrawView.swift */,
				0B0BD339299BB95100268D44 /* PKCanvasRepresentation.swift */,
			);
			path = Draw;
			sourceTree = "<group>";
		};
		0B0BD33B299BC56100268D44 /* Components */ = {
			isa = PBXGroup;
			children = (
				0B0BD33E299BC9C300268D44 /* PictureView */,
				0B0BD33C299BC58500268D44 /* ReferenceImage.swift */,
				0B0BD345299D134800268D44 /* UndoAndRedoButtons.swift */,
			);
			path = Components;
			sourceTree = "<group>";
		};
		0B0BD33E299BC9C300268D44 /* PictureView */ = {
			isa = PBXGroup;
			children = (
				0B0BD33F299BC9DA00268D44 /* ZoomableScrollView.swift */,
				0B0BD341299BC9F800268D44 /* FullPictureView.swift */,
				0B0BD343299BCA5900268D44 /* FullScreenModalView.swift */,
			);
			path = PictureView;
			sourceTree = "<group>";
		};
		0D6B0138299BB84A00B34135 /* Fonts */ = {
			isa = PBXGroup;
			children = (
				0D6B0139299BB84A00B34135 /* Comfortaa-Regular.ttf */,
				0D6B013A299BB84A00B34135 /* Comfortaa-Bold.ttf */,
			);
			path = Fonts;
			sourceTree = "<group>";
		};
		0DA7957F299A7B18003CA2AC = {
			isa = PBXGroup;
			children = (
				0DA7958A299A7B18003CA2AC /* DailyDoodle */,
				0DA79589299A7B18003CA2AC /* Products */,
			);
			sourceTree = "<group>";
		};
		0DA79589299A7B18003CA2AC /* Products */ = {
			isa = PBXGroup;
			children = (
				0DA79588299A7B18003CA2AC /* DailyDoodle.app */,
			);
			name = Products;
			sourceTree = "<group>";
		};
		0DA7958A299A7B18003CA2AC /* DailyDoodle */ = {
			isa = PBXGroup;
			children = (
				D6E66F81299E631300532219 /* ContentView.swift */,
				0B0BD335299BB12F00268D44 /* View */,
				0D6B013D299BCABD00B34135 /* GalleryPreviews.swift */,
				D64750C5299E5DF6003D6CC3 /* GalleryScreenView.swift */,
				0DA7959A299BA73E003CA2AC /* Elements.swift */,
				0D6B0138299BB84A00B34135 /* Fonts */,
				D63C9AC9299BB88F008058B8 /* DailyDoodleRelease.entitlements */,
				D63C9AC6299BB822008058B8 /* Info.plist */,
				0DA7958B299A7B18003CA2AC /* DailyDoodleApp.swift */,
				D63C9AC0299BB6A4008058B8 /* CoreData_ICloud */,
				0DA7958F299A7B19003CA2AC /* Assets.xcassets */,
				0DA79591299A7B19003CA2AC /* Preview Content */,
			);
			path = DailyDoodle;
			sourceTree = "<group>";
		};
		0DA79591299A7B19003CA2AC /* Preview Content */ = {
			isa = PBXGroup;
			children = (
				0DA79592299A7B19003CA2AC /* Preview Assets.xcassets */,
			);
			path = "Preview Content";
			sourceTree = "<group>";
		};
		D63C9AC0299BB6A4008058B8 /* CoreData_ICloud */ = {
			isa = PBXGroup;
			children = (
				D63C9AC1299BB6C2008058B8 /* DailyDoodleModel.xcdatamodeld */,
				D63C9AC7299BB85F008058B8 /* Persistence.swift */,
				D63C9AC4299BB71F008058B8 /* Drawing.swift */,
			);
			path = CoreData_ICloud;
			sourceTree = "<group>";
		};
/* End PBXGroup section */

/* Begin PBXNativeTarget section */
		0DA79587299A7B18003CA2AC /* DailyDoodle */ = {
			isa = PBXNativeTarget;
			buildConfigurationList = 0DA79596299A7B19003CA2AC /* Build configuration list for PBXNativeTarget "DailyDoodle" */;
			buildPhases = (
				0DA79584299A7B18003CA2AC /* Sources */,
				0DA79585299A7B18003CA2AC /* Frameworks */,
				0DA79586299A7B18003CA2AC /* Resources */,
				0DA79599299A7B79003CA2AC /* ShellScript */,
			);
			buildRules = (
			);
			dependencies = (
			);
			name = DailyDoodle;
			productName = DailyDoodle;
			productReference = 0DA79588299A7B18003CA2AC /* DailyDoodle.app */;
			productType = "com.apple.product-type.application";
		};
/* End PBXNativeTarget section */

/* Begin PBXProject section */
		0DA79580299A7B18003CA2AC /* Project object */ = {
			isa = PBXProject;
			attributes = {
				BuildIndependentTargetsInParallel = 1;
				LastSwiftUpdateCheck = 1420;
				LastUpgradeCheck = 1420;
				TargetAttributes = {
					0DA79587299A7B18003CA2AC = {
						CreatedOnToolsVersion = 14.2;
					};
				};
			};
			buildConfigurationList = 0DA79583299A7B18003CA2AC /* Build configuration list for PBXProject "DailyDoodle" */;
			compatibilityVersion = "Xcode 14.0";
			developmentRegion = en;
			hasScannedForEncodings = 0;
			knownRegions = (
				en,
				Base,
			);
			mainGroup = 0DA7957F299A7B18003CA2AC;
			productRefGroup = 0DA79589299A7B18003CA2AC /* Products */;
			projectDirPath = "";
			projectRoot = "";
			targets = (
				0DA79587299A7B18003CA2AC /* DailyDoodle */,
			);
		};
/* End PBXProject section */

/* Begin PBXResourcesBuildPhase section */
		0DA79586299A7B18003CA2AC /* Resources */ = {
			isa = PBXResourcesBuildPhase;
			buildActionMask = 2147483647;
			files = (
				0D6B013C299BB84A00B34135 /* Comfortaa-Bold.ttf in Resources */,
				0DA79593299A7B19003CA2AC /* Preview Assets.xcassets in Resources */,
				0D6B013B299BB84A00B34135 /* Comfortaa-Regular.ttf in Resources */,
				0DA79590299A7B19003CA2AC /* Assets.xcassets in Resources */,
			);
			runOnlyForDeploymentPostprocessing = 0;
		};
/* End PBXResourcesBuildPhase section */

/* Begin PBXShellScriptBuildPhase section */
		0DA79599299A7B79003CA2AC /* ShellScript */ = {
			isa = PBXShellScriptBuildPhase;
			buildActionMask = 2147483647;
			files = (
			);
			inputFileListPaths = (
			);
			inputPaths = (
			);
			outputFileListPaths = (
			);
			outputPaths = (
			);
			runOnlyForDeploymentPostprocessing = 0;
			shellPath = /bin/sh;
			shellScript = "export PATH=\"$PATH:/opt/homebrew/bin\"\nif which swiftlint > /dev/null; then\n  swiftlint DailyDoodle/*\nelse\n  echo \"warning: SwiftLint not installed, download from https://github.com/realm/SwiftLint\"\nfi\n";
		};
/* End PBXShellScriptBuildPhase section */

/* Begin PBXSourcesBuildPhase section */
		0DA79584299A7B18003CA2AC /* Sources */ = {
			isa = PBXSourcesBuildPhase;
			buildActionMask = 2147483647;
			files = (
				D6E66F82299E631300532219 /* ContentView.swift in Sources */,
				0B0BD33A299BB95100268D44 /* PKCanvasRepresentation.swift in Sources */,
				0D6B013E299BCABD00B34135 /* GalleryPreviews.swift in Sources */,
				0DA7958C299A7B18003CA2AC /* DailyDoodleApp.swift in Sources */,
				0DA7959B299BA73E003CA2AC /* Elements.swift in Sources */,
				0B0BD338299BB1F400268D44 /* DrawView.swift in Sources */,
				0B0BD340299BC9DA00268D44 /* ZoomableScrollView.swift in Sources */,
				0B0BD346299D134800268D44 /* UndoAndRedoButtons.swift in Sources */,
				0B0BD342299BC9F800268D44 /* FullPictureView.swift in Sources */,
				0B0BD33D299BC58500268D44 /* ReferenceImage.swift in Sources */,
				0B0BD344299BCA5A00268D44 /* FullScreenModalView.swift in Sources */,
				D63C9AC5299BB71F008058B8 /* Drawing.swift in Sources */,
				D64750C6299E5DF6003D6CC3 /* GalleryScreenView.swift in Sources */,
				D63C9AC3299BB6C2008058B8 /* DailyDoodleModel.xcdatamodeld in Sources */,
				0DA7958C299A7B18003CA2AC /* DailyDoodleApp.swift in Sources */,
				D63C9AC8299BB85F008058B8 /* Persistence.swift in Sources */,
			);
			runOnlyForDeploymentPostprocessing = 0;
		};
/* End PBXSourcesBuildPhase section */

/* Begin XCBuildConfiguration section */
		0DA79594299A7B19003CA2AC /* Debug */ = {
			isa = XCBuildConfiguration;
			buildSettings = {
				ALWAYS_SEARCH_USER_PATHS = NO;
				CLANG_ANALYZER_NONNULL = YES;
				CLANG_ANALYZER_NUMBER_OBJECT_CONVERSION = YES_AGGRESSIVE;
				CLANG_CXX_LANGUAGE_STANDARD = "gnu++20";
				CLANG_ENABLE_MODULES = YES;
				CLANG_ENABLE_OBJC_ARC = YES;
				CLANG_ENABLE_OBJC_WEAK = YES;
				CLANG_WARN_BLOCK_CAPTURE_AUTORELEASING = YES;
				CLANG_WARN_BOOL_CONVERSION = YES;
				CLANG_WARN_COMMA = YES;
				CLANG_WARN_CONSTANT_CONVERSION = YES;
				CLANG_WARN_DEPRECATED_OBJC_IMPLEMENTATIONS = YES;
				CLANG_WARN_DIRECT_OBJC_ISA_USAGE = YES_ERROR;
				CLANG_WARN_DOCUMENTATION_COMMENTS = YES;
				CLANG_WARN_EMPTY_BODY = YES;
				CLANG_WARN_ENUM_CONVERSION = YES;
				CLANG_WARN_INFINITE_RECURSION = YES;
				CLANG_WARN_INT_CONVERSION = YES;
				CLANG_WARN_NON_LITERAL_NULL_CONVERSION = YES;
				CLANG_WARN_OBJC_IMPLICIT_RETAIN_SELF = YES;
				CLANG_WARN_OBJC_LITERAL_CONVERSION = YES;
				CLANG_WARN_OBJC_ROOT_CLASS = YES_ERROR;
				CLANG_WARN_QUOTED_INCLUDE_IN_FRAMEWORK_HEADER = YES;
				CLANG_WARN_RANGE_LOOP_ANALYSIS = YES;
				CLANG_WARN_STRICT_PROTOTYPES = YES;
				CLANG_WARN_SUSPICIOUS_MOVE = YES;
				CLANG_WARN_UNGUARDED_AVAILABILITY = YES_AGGRESSIVE;
				CLANG_WARN_UNREACHABLE_CODE = YES;
				CLANG_WARN__DUPLICATE_METHOD_MATCH = YES;
				COPY_PHASE_STRIP = NO;
				DEBUG_INFORMATION_FORMAT = dwarf;
				ENABLE_STRICT_OBJC_MSGSEND = YES;
				ENABLE_TESTABILITY = YES;
				GCC_C_LANGUAGE_STANDARD = gnu11;
				GCC_DYNAMIC_NO_PIC = NO;
				GCC_NO_COMMON_BLOCKS = YES;
				GCC_OPTIMIZATION_LEVEL = 0;
				GCC_PREPROCESSOR_DEFINITIONS = (
					"DEBUG=1",
					"$(inherited)",
				);
				GCC_WARN_64_TO_32_BIT_CONVERSION = YES;
				GCC_WARN_ABOUT_RETURN_TYPE = YES_ERROR;
				GCC_WARN_UNDECLARED_SELECTOR = YES;
				GCC_WARN_UNINITIALIZED_AUTOS = YES_AGGRESSIVE;
				GCC_WARN_UNUSED_FUNCTION = YES;
				GCC_WARN_UNUSED_VARIABLE = YES;
				IPHONEOS_DEPLOYMENT_TARGET = 16.2;
				MTL_ENABLE_DEBUG_INFO = INCLUDE_SOURCE;
				MTL_FAST_MATH = YES;
				ONLY_ACTIVE_ARCH = YES;
				SDKROOT = iphoneos;
				SWIFT_ACTIVE_COMPILATION_CONDITIONS = DEBUG;
				SWIFT_OPTIMIZATION_LEVEL = "-Onone";
			};
			name = Debug;
		};
		0DA79595299A7B19003CA2AC /* Release */ = {
			isa = XCBuildConfiguration;
			buildSettings = {
				ALWAYS_SEARCH_USER_PATHS = NO;
				CLANG_ANALYZER_NONNULL = YES;
				CLANG_ANALYZER_NUMBER_OBJECT_CONVERSION = YES_AGGRESSIVE;
				CLANG_CXX_LANGUAGE_STANDARD = "gnu++20";
				CLANG_ENABLE_MODULES = YES;
				CLANG_ENABLE_OBJC_ARC = YES;
				CLANG_ENABLE_OBJC_WEAK = YES;
				CLANG_WARN_BLOCK_CAPTURE_AUTORELEASING = YES;
				CLANG_WARN_BOOL_CONVERSION = YES;
				CLANG_WARN_COMMA = YES;
				CLANG_WARN_CONSTANT_CONVERSION = YES;
				CLANG_WARN_DEPRECATED_OBJC_IMPLEMENTATIONS = YES;
				CLANG_WARN_DIRECT_OBJC_ISA_USAGE = YES_ERROR;
				CLANG_WARN_DOCUMENTATION_COMMENTS = YES;
				CLANG_WARN_EMPTY_BODY = YES;
				CLANG_WARN_ENUM_CONVERSION = YES;
				CLANG_WARN_INFINITE_RECURSION = YES;
				CLANG_WARN_INT_CONVERSION = YES;
				CLANG_WARN_NON_LITERAL_NULL_CONVERSION = YES;
				CLANG_WARN_OBJC_IMPLICIT_RETAIN_SELF = YES;
				CLANG_WARN_OBJC_LITERAL_CONVERSION = YES;
				CLANG_WARN_OBJC_ROOT_CLASS = YES_ERROR;
				CLANG_WARN_QUOTED_INCLUDE_IN_FRAMEWORK_HEADER = YES;
				CLANG_WARN_RANGE_LOOP_ANALYSIS = YES;
				CLANG_WARN_STRICT_PROTOTYPES = YES;
				CLANG_WARN_SUSPICIOUS_MOVE = YES;
				CLANG_WARN_UNGUARDED_AVAILABILITY = YES_AGGRESSIVE;
				CLANG_WARN_UNREACHABLE_CODE = YES;
				CLANG_WARN__DUPLICATE_METHOD_MATCH = YES;
				COPY_PHASE_STRIP = NO;
				DEBUG_INFORMATION_FORMAT = "dwarf-with-dsym";
				ENABLE_NS_ASSERTIONS = NO;
				ENABLE_STRICT_OBJC_MSGSEND = YES;
				GCC_C_LANGUAGE_STANDARD = gnu11;
				GCC_NO_COMMON_BLOCKS = YES;
				GCC_WARN_64_TO_32_BIT_CONVERSION = YES;
				GCC_WARN_ABOUT_RETURN_TYPE = YES_ERROR;
				GCC_WARN_UNDECLARED_SELECTOR = YES;
				GCC_WARN_UNINITIALIZED_AUTOS = YES_AGGRESSIVE;
				GCC_WARN_UNUSED_FUNCTION = YES;
				GCC_WARN_UNUSED_VARIABLE = YES;
				IPHONEOS_DEPLOYMENT_TARGET = 16.2;
				MTL_ENABLE_DEBUG_INFO = NO;
				MTL_FAST_MATH = YES;
				SDKROOT = iphoneos;
				SWIFT_COMPILATION_MODE = wholemodule;
				SWIFT_OPTIMIZATION_LEVEL = "-O";
				VALIDATE_PRODUCT = YES;
			};
			name = Release;
		};
		0DA79597299A7B19003CA2AC /* Debug */ = {
			isa = XCBuildConfiguration;
			buildSettings = {
				ASSETCATALOG_COMPILER_APPICON_NAME = AppIcon;
				ASSETCATALOG_COMPILER_GLOBAL_ACCENT_COLOR_NAME = AccentColor;
				CODE_SIGN_STYLE = Automatic;
				CURRENT_PROJECT_VERSION = 1;
				DEVELOPMENT_ASSET_PATHS = "\"DailyDoodle/Preview Content\"";
				DEVELOPMENT_TEAM = KDV83NBV8H;
				ENABLE_PREVIEWS = YES;
				GENERATE_INFOPLIST_FILE = YES;
				INFOPLIST_FILE = DailyDoodle/Info.plist;
				INFOPLIST_KEY_UIApplicationSupportsIndirectInputEvents = YES;
				INFOPLIST_KEY_UILaunchScreen_Generation = YES;
				INFOPLIST_KEY_UISupportedInterfaceOrientations_iPad = "UIInterfaceOrientationPortrait UIInterfaceOrientationPortraitUpsideDown UIInterfaceOrientationLandscapeLeft UIInterfaceOrientationLandscapeRight";
				INFOPLIST_KEY_UISupportedInterfaceOrientations_iPhone = "UIInterfaceOrientationPortrait UIInterfaceOrientationLandscapeLeft UIInterfaceOrientationLandscapeRight";
				IPHONEOS_DEPLOYMENT_TARGET = 15.0;
				LD_RUNPATH_SEARCH_PATHS = (
					"$(inherited)",
					"@executable_path/Frameworks",
				);
				MARKETING_VERSION = 1.0;
				PRODUCT_BUNDLE_IDENTIFIER = com.helena.DailyDoodle;
				PRODUCT_NAME = "$(TARGET_NAME)";
				SWIFT_EMIT_LOC_STRINGS = YES;
				SWIFT_VERSION = 5.0;
				TARGETED_DEVICE_FAMILY = "1,2";
			};
			name = Debug;
		};
		0DA79598299A7B19003CA2AC /* Release */ = {
			isa = XCBuildConfiguration;
			buildSettings = {
				ASSETCATALOG_COMPILER_APPICON_NAME = AppIcon;
				ASSETCATALOG_COMPILER_GLOBAL_ACCENT_COLOR_NAME = AccentColor;
				CODE_SIGN_ENTITLEMENTS = DailyDoodle/DailyDoodleRelease.entitlements;
				CODE_SIGN_STYLE = Automatic;
				CURRENT_PROJECT_VERSION = 1;
				DEVELOPMENT_ASSET_PATHS = "\"DailyDoodle/Preview Content\"";
				DEVELOPMENT_TEAM = QW8X8R78UC;
				ENABLE_PREVIEWS = YES;
				GENERATE_INFOPLIST_FILE = YES;
				INFOPLIST_FILE = DailyDoodle/Info.plist;
				INFOPLIST_KEY_UIApplicationSupportsIndirectInputEvents = YES;
				INFOPLIST_KEY_UILaunchScreen_Generation = YES;
				INFOPLIST_KEY_UISupportedInterfaceOrientations_iPad = "UIInterfaceOrientationPortrait UIInterfaceOrientationPortraitUpsideDown UIInterfaceOrientationLandscapeLeft UIInterfaceOrientationLandscapeRight";
				INFOPLIST_KEY_UISupportedInterfaceOrientations_iPhone = "UIInterfaceOrientationPortrait UIInterfaceOrientationLandscapeLeft UIInterfaceOrientationLandscapeRight";
				IPHONEOS_DEPLOYMENT_TARGET = 15.0;
				LD_RUNPATH_SEARCH_PATHS = (
					"$(inherited)",
					"@executable_path/Frameworks",
				);
				MARKETING_VERSION = 1.0;
				PRODUCT_BUNDLE_IDENTIFIER = com.helena.DailyDoodle;
				PRODUCT_NAME = "$(TARGET_NAME)";
				SWIFT_EMIT_LOC_STRINGS = YES;
				SWIFT_VERSION = 5.0;
				TARGETED_DEVICE_FAMILY = "1,2";
			};
			name = Release;
		};
/* End XCBuildConfiguration section */

/* Begin XCConfigurationList section */
		0DA79583299A7B18003CA2AC /* Build configuration list for PBXProject "DailyDoodle" */ = {
			isa = XCConfigurationList;
			buildConfigurations = (
				0DA79594299A7B19003CA2AC /* Debug */,
				0DA79595299A7B19003CA2AC /* Release */,
			);
			defaultConfigurationIsVisible = 0;
			defaultConfigurationName = Release;
		};
		0DA79596299A7B19003CA2AC /* Build configuration list for PBXNativeTarget "DailyDoodle" */ = {
			isa = XCConfigurationList;
			buildConfigurations = (
				0DA79597299A7B19003CA2AC /* Debug */,
				0DA79598299A7B19003CA2AC /* Release */,
			);
			defaultConfigurationIsVisible = 0;
			defaultConfigurationName = Release;
		};
/* End XCConfigurationList section */

/* Begin XCVersionGroup section */
		D63C9AC1299BB6C2008058B8 /* DailyDoodleModel.xcdatamodeld */ = {
			isa = XCVersionGroup;
			children = (
				D63C9ACA299BBA20008058B8 /* DailyDoodleModelV2.xcdatamodel */,
				D63C9AC2299BB6C2008058B8 /* DailyDoodleModel.xcdatamodel */,
			);
			currentVersion = D63C9AC2299BB6C2008058B8 /* DailyDoodleModel.xcdatamodel */;
			name = DailyDoodleModel.xcdatamodeld;
			path = "../../../../../../Library/Mobile Documents/com~apple~CloudDocs/.Trash/DailyDoodle/DailyDoodle/DailyDoodleModel.xcdatamodeld";
			sourceTree = "<group>";
			versionGroupType = wrapper.xcdatamodel;
		};
/* End XCVersionGroup section */
	};
	rootObject = 0DA79580299A7B18003CA2AC /* Project object */;
}
