// !$*UTF8*$!
{
	archiveVersion = 1;
	classes = {
	};
	objectVersion = 56;
	objects = {

/* Begin PBXBuildFile section */
		0B0BD338299BB1F400268D44 /* DrawView.swift in Sources */ = {isa = PBXBuildFile; fileRef = 0B0BD337299BB1F400268D44 /* DrawView.swift */; };
		0B0BD33A299BB95100268D44 /* PKCanvasRepresentation.swift in Sources */ = {isa = PBXBuildFile; fileRef = 0B0BD339299BB95100268D44 /* PKCanvasRepresentation.swift */; };
		0B0BD33D299BC58500268D44 /* ReferenceImage.swift in Sources */ = {isa = PBXBuildFile; fileRef = 0B0BD33C299BC58500268D44 /* ReferenceImage.swift */; };
		0B0BD340299BC9DA00268D44 /* ZoomableScrollView.swift in Sources */ = {isa = PBXBuildFile; fileRef = 0B0BD33F299BC9DA00268D44 /* ZoomableScrollView.swift */; };
		0B0BD342299BC9F800268D44 /* FullPictureView.swift in Sources */ = {isa = PBXBuildFile; fileRef = 0B0BD341299BC9F800268D44 /* FullPictureView.swift */; };
		0B0BD344299BCA5A00268D44 /* FullScreenModalView.swift in Sources */ = {isa = PBXBuildFile; fileRef = 0B0BD343299BCA5900268D44 /* FullScreenModalView.swift */; };
		0B0BD346299D134800268D44 /* UndoAndRedoButtons.swift in Sources */ = {isa = PBXBuildFile; fileRef = 0B0BD345299D134800268D44 /* UndoAndRedoButtons.swift */; };
		0B0BD36F299E718000268D44 /* GalleryPreviews.swift in Sources */ = {isa = PBXBuildFile; fileRef = 0B0BD36E299E718000268D44 /* GalleryPreviews.swift */; };
		0B0BD371299E718200268D44 /* ElementsView.swift in Sources */ = {isa = PBXBuildFile; fileRef = 0B0BD370299E718200268D44 /* ElementsView.swift */; };
		0B0BD37729A7875600268D44 /* ContentView.swift in Sources */ = {isa = PBXBuildFile; fileRef = 0B0BD37629A7875600268D44 /* ContentView.swift */; };
		0B0BD38429A7B0DC00268D44 /* DateHelper.swift in Sources */ = {isa = PBXBuildFile; fileRef = 0B0BD38329A7B0DC00268D44 /* DateHelper.swift */; };
		0B0BD38C29A7B51700268D44 /* DailyDoodleModel.xcdatamodeld in Sources */ = {isa = PBXBuildFile; fileRef = 0B0BD38A29A7B51700268D44 /* DailyDoodleModel.xcdatamodeld */; };
		0B0BD38E29A7B58F00268D44 /* Drawing.swift in Sources */ = {isa = PBXBuildFile; fileRef = 0B0BD38D29A7B58F00268D44 /* Drawing.swift */; };
		0B0BD39029A7B5A200268D44 /* Persistence.swift in Sources */ = {isa = PBXBuildFile; fileRef = 0B0BD38F29A7B5A200268D44 /* Persistence.swift */; };
		0B0BD39229A7B5B800268D44 /* DrawsViewModel.swift in Sources */ = {isa = PBXBuildFile; fileRef = 0B0BD39129A7B5B800268D44 /* DrawsViewModel.swift */; };
		0B0BD39429A7B5D100268D44 /* UIImageTransformer.swift in Sources */ = {isa = PBXBuildFile; fileRef = 0B0BD39329A7B5D100268D44 /* UIImageTransformer.swift */; };
		0B0BD39729A8EFFE00268D44 /* Localizable.strings in Resources */ = {isa = PBXBuildFile; fileRef = 0B0BD39929A8EFFE00268D44 /* Localizable.strings */; };
		0B619C4A29ACDC9E001DBD49 /* RoundedCorner.swift in Sources */ = {isa = PBXBuildFile; fileRef = 0B619C4929ACDC9E001DBD49 /* RoundedCorner.swift */; };
		0B619C4C29AE29E7001DBD49 /* confirm.json in Resources */ = {isa = PBXBuildFile; fileRef = 0B619C4B29AE29E7001DBD49 /* confirm.json */; };
		0BA5A27A29AE43EF0092FE45 /* NavigationUtil.swift in Sources */ = {isa = PBXBuildFile; fileRef = 0BA5A27929AE43EF0092FE45 /* NavigationUtil.swift */; };
		0BA5A27C29AE4C9E0092FE45 /* confirm-dark.json in Resources */ = {isa = PBXBuildFile; fileRef = 0BA5A27B29AE4C9E0092FE45 /* confirm-dark.json */; };
		0D6B0140299D131400B34135 /* DailyChallengeView.swift in Sources */ = {isa = PBXBuildFile; fileRef = 0D6B013F299D131400B34135 /* DailyChallengeView.swift */; };
		0D6B0147299E62FF00B34135 /* ImagePicker.swift in Sources */ = {isa = PBXBuildFile; fileRef = 0D6B0146299E62FF00B34135 /* ImagePicker.swift */; };
		0DA7958C299A7B18003CA2AC /* DailyDoodleApp.swift in Sources */ = {isa = PBXBuildFile; fileRef = 0DA7958B299A7B18003CA2AC /* DailyDoodleApp.swift */; };
		0DA79590299A7B19003CA2AC /* Assets.xcassets in Resources */ = {isa = PBXBuildFile; fileRef = 0DA7958F299A7B19003CA2AC /* Assets.xcassets */; };
		0DA79593299A7B19003CA2AC /* Preview Assets.xcassets in Resources */ = {isa = PBXBuildFile; fileRef = 0DA79592299A7B19003CA2AC /* Preview Assets.xcassets */; };
		D6249DF029ACD5250075828B /* Lottie in Frameworks */ = {isa = PBXBuildFile; productRef = D6249DEF29ACD5250075828B /* Lottie */; };
		D6249DF429ACD5DC0075828B /* DarkMode.json in Resources */ = {isa = PBXBuildFile; fileRef = D6249DF229ACD5DB0075828B /* DarkMode.json */; };
		D6249DF529ACD5DC0075828B /* LightMode.json in Resources */ = {isa = PBXBuildFile; fileRef = D6249DF329ACD5DC0075828B /* LightMode.json */; };
		D6249DF729ACD6B40075828B /* LottieView.swift in Sources */ = {isa = PBXBuildFile; fileRef = D6249DF629ACD6B40075828B /* LottieView.swift */; };
		D635D44429AE2950008765F8 /* NotificationView.swift in Sources */ = {isa = PBXBuildFile; fileRef = D635D44329AE2950008765F8 /* NotificationView.swift */; };
		D635D44929AE4324008765F8 /* PopupView in Frameworks */ = {isa = PBXBuildFile; productRef = D635D44829AE4324008765F8 /* PopupView */; };
		D635D44B29AF9C97008765F8 /* empty-screen-light.json in Resources */ = {isa = PBXBuildFile; fileRef = D635D44A29AF9C97008765F8 /* empty-screen-light.json */; };
		D635D44F29B0DB44008765F8 /* ImagensDescription.json in Resources */ = {isa = PBXBuildFile; fileRef = D635D44E29B0DB44008765F8 /* ImagensDescription.json */; };
		D635D45129B0E5AC008765F8 /* DecoderJSON.swift in Sources */ = {isa = PBXBuildFile; fileRef = D635D45029B0E5AC008765F8 /* DecoderJSON.swift */; };
		D635D45729B21AFB008765F8 /* empty-screen-dark1.json in Resources */ = {isa = PBXBuildFile; fileRef = D635D45629B21AFB008765F8 /* empty-screen-dark1.json */; };
		D64750C6299E5DF6003D6CC3 /* GalleryScreenView.swift in Sources */ = {isa = PBXBuildFile; fileRef = D64750C5299E5DF6003D6CC3 /* GalleryScreenView.swift */; };
		D65AC56229A15B6E00F91B85 /* OnboardingView.swift in Sources */ = {isa = PBXBuildFile; fileRef = D65AC56129A15B6E00F91B85 /* OnboardingView.swift */; };
		D65AC56529A15F2800F91B85 /* FirstPage.swift in Sources */ = {isa = PBXBuildFile; fileRef = D65AC56429A15F2800F91B85 /* FirstPage.swift */; };
		D65AC56729A15F3300F91B85 /* SecondPage.swift in Sources */ = {isa = PBXBuildFile; fileRef = D65AC56629A15F3300F91B85 /* SecondPage.swift */; };
		D65AC56929A15F5B00F91B85 /* ThirdPage.swift in Sources */ = {isa = PBXBuildFile; fileRef = D65AC56829A15F5B00F91B85 /* ThirdPage.swift */; };
		D65AC56C29A1714000F91B85 /* LocalNotificationModel.swift in Sources */ = {isa = PBXBuildFile; fileRef = D65AC56B29A1714000F91B85 /* LocalNotificationModel.swift */; };
		D65AC56E29A1716600F91B85 /* LocalNotificationManager.swift in Sources */ = {isa = PBXBuildFile; fileRef = D65AC56D29A1716600F91B85 /* LocalNotificationManager.swift */; };
		D6AEA2C229A2536400FBE1C0 /* Comfortaa-Bold.ttf in Resources */ = {isa = PBXBuildFile; fileRef = D6AEA2C029A2536400FBE1C0 /* Comfortaa-Bold.ttf */; };
/* End PBXBuildFile section */

/* Begin PBXFileReference section */
		0B0BD337299BB1F400268D44 /* DrawView.swift */ = {isa = PBXFileReference; lastKnownFileType = sourcecode.swift; path = DrawView.swift; sourceTree = "<group>"; };
		0B0BD339299BB95100268D44 /* PKCanvasRepresentation.swift */ = {isa = PBXFileReference; lastKnownFileType = sourcecode.swift; path = PKCanvasRepresentation.swift; sourceTree = "<group>"; };
		0B0BD33C299BC58500268D44 /* ReferenceImage.swift */ = {isa = PBXFileReference; lastKnownFileType = sourcecode.swift; path = ReferenceImage.swift; sourceTree = "<group>"; };
		0B0BD33F299BC9DA00268D44 /* ZoomableScrollView.swift */ = {isa = PBXFileReference; lastKnownFileType = sourcecode.swift; path = ZoomableScrollView.swift; sourceTree = "<group>"; };
		0B0BD341299BC9F800268D44 /* FullPictureView.swift */ = {isa = PBXFileReference; lastKnownFileType = sourcecode.swift; path = FullPictureView.swift; sourceTree = "<group>"; };
		0B0BD343299BCA5900268D44 /* FullScreenModalView.swift */ = {isa = PBXFileReference; lastKnownFileType = sourcecode.swift; path = FullScreenModalView.swift; sourceTree = "<group>"; };
		0B0BD345299D134800268D44 /* UndoAndRedoButtons.swift */ = {isa = PBXFileReference; lastKnownFileType = sourcecode.swift; path = UndoAndRedoButtons.swift; sourceTree = "<group>"; };
		0B0BD36E299E718000268D44 /* GalleryPreviews.swift */ = {isa = PBXFileReference; fileEncoding = 4; lastKnownFileType = sourcecode.swift; path = GalleryPreviews.swift; sourceTree = "<group>"; };
		0B0BD370299E718200268D44 /* ElementsView.swift */ = {isa = PBXFileReference; lastKnownFileType = sourcecode.swift; path = ElementsView.swift; sourceTree = "<group>"; };
		0B0BD37629A7875600268D44 /* ContentView.swift */ = {isa = PBXFileReference; lastKnownFileType = sourcecode.swift; path = ContentView.swift; sourceTree = "<group>"; };
		0B0BD38029A788A500268D44 /* Comfortaa-Regular.ttf */ = {isa = PBXFileReference; lastKnownFileType = file; path = "Comfortaa-Regular.ttf"; sourceTree = "<group>"; };
		0B0BD38129A790EE00268D44 /* DailyDoodle.entitlements */ = {isa = PBXFileReference; lastKnownFileType = text.plist.entitlements; path = DailyDoodle.entitlements; sourceTree = "<group>"; };
		0B0BD38329A7B0DC00268D44 /* DateHelper.swift */ = {isa = PBXFileReference; lastKnownFileType = sourcecode.swift; path = DateHelper.swift; sourceTree = "<group>"; };
		0B0BD38B29A7B51700268D44 /* DailyDoodleModel.xcdatamodel */ = {isa = PBXFileReference; lastKnownFileType = wrapper.xcdatamodel; path = DailyDoodleModel.xcdatamodel; sourceTree = "<group>"; };
		0B0BD38D29A7B58F00268D44 /* Drawing.swift */ = {isa = PBXFileReference; lastKnownFileType = sourcecode.swift; path = Drawing.swift; sourceTree = "<group>"; };
		0B0BD38F29A7B5A200268D44 /* Persistence.swift */ = {isa = PBXFileReference; lastKnownFileType = sourcecode.swift; path = Persistence.swift; sourceTree = "<group>"; };
		0B0BD39129A7B5B800268D44 /* DrawsViewModel.swift */ = {isa = PBXFileReference; lastKnownFileType = sourcecode.swift; path = DrawsViewModel.swift; sourceTree = "<group>"; };
		0B0BD39329A7B5D100268D44 /* UIImageTransformer.swift */ = {isa = PBXFileReference; lastKnownFileType = sourcecode.swift; path = UIImageTransformer.swift; sourceTree = "<group>"; };
		0B0BD39829A8EFFE00268D44 /* pt-BR */ = {isa = PBXFileReference; lastKnownFileType = text.plist.strings; name = "pt-BR"; path = "pt-BR.lproj/Localizable.strings"; sourceTree = "<group>"; };
		0B0BD39A29A8F00600268D44 /* en */ = {isa = PBXFileReference; lastKnownFileType = text.plist.strings; name = en; path = en.lproj/Localizable.strings; sourceTree = "<group>"; };
		0B619C4929ACDC9E001DBD49 /* RoundedCorner.swift */ = {isa = PBXFileReference; lastKnownFileType = sourcecode.swift; path = RoundedCorner.swift; sourceTree = "<group>"; };
		0B619C4B29AE29E7001DBD49 /* confirm.json */ = {isa = PBXFileReference; fileEncoding = 4; lastKnownFileType = text.json; path = confirm.json; sourceTree = "<group>"; };
		0BA5A27929AE43EF0092FE45 /* NavigationUtil.swift */ = {isa = PBXFileReference; lastKnownFileType = sourcecode.swift; path = NavigationUtil.swift; sourceTree = "<group>"; };
		0BA5A27B29AE4C9E0092FE45 /* confirm-dark.json */ = {isa = PBXFileReference; fileEncoding = 4; lastKnownFileType = text.json; path = "confirm-dark.json"; sourceTree = "<group>"; };
		0D6B013F299D131400B34135 /* DailyChallengeView.swift */ = {isa = PBXFileReference; lastKnownFileType = sourcecode.swift; path = DailyChallengeView.swift; sourceTree = "<group>"; };
		0D6B0146299E62FF00B34135 /* ImagePicker.swift */ = {isa = PBXFileReference; lastKnownFileType = sourcecode.swift; path = ImagePicker.swift; sourceTree = "<group>"; };
		0DA79588299A7B18003CA2AC /* DailyDoodle.app */ = {isa = PBXFileReference; explicitFileType = wrapper.application; includeInIndex = 0; path = DailyDoodle.app; sourceTree = BUILT_PRODUCTS_DIR; };
		0DA7958B299A7B18003CA2AC /* DailyDoodleApp.swift */ = {isa = PBXFileReference; lastKnownFileType = sourcecode.swift; path = DailyDoodleApp.swift; sourceTree = "<group>"; };
		0DA7958F299A7B19003CA2AC /* Assets.xcassets */ = {isa = PBXFileReference; lastKnownFileType = folder.assetcatalog; path = Assets.xcassets; sourceTree = "<group>"; };
		0DA79592299A7B19003CA2AC /* Preview Assets.xcassets */ = {isa = PBXFileReference; lastKnownFileType = folder.assetcatalog; path = "Preview Assets.xcassets"; sourceTree = "<group>"; };
		D6249DF229ACD5DB0075828B /* DarkMode.json */ = {isa = PBXFileReference; fileEncoding = 4; lastKnownFileType = text.json; path = DarkMode.json; sourceTree = "<group>"; };
		D6249DF329ACD5DC0075828B /* LightMode.json */ = {isa = PBXFileReference; fileEncoding = 4; lastKnownFileType = text.json; path = LightMode.json; sourceTree = "<group>"; };
		D6249DF629ACD6B40075828B /* LottieView.swift */ = {isa = PBXFileReference; lastKnownFileType = sourcecode.swift; path = LottieView.swift; sourceTree = "<group>"; };
		D635D44329AE2950008765F8 /* NotificationView.swift */ = {isa = PBXFileReference; lastKnownFileType = sourcecode.swift; path = NotificationView.swift; sourceTree = "<group>"; };
		D635D44A29AF9C97008765F8 /* empty-screen-light.json */ = {isa = PBXFileReference; fileEncoding = 4; lastKnownFileType = text.json; path = "empty-screen-light.json"; sourceTree = "<group>"; };
		D635D44E29B0DB44008765F8 /* ImagensDescription.json */ = {isa = PBXFileReference; explicitFileType = text.json; path = ImagensDescription.json; sourceTree = "<group>"; };
		D635D45029B0E5AC008765F8 /* DecoderJSON.swift */ = {isa = PBXFileReference; lastKnownFileType = sourcecode.swift; path = DecoderJSON.swift; sourceTree = "<group>"; };
		D635D45629B21AFB008765F8 /* empty-screen-dark1.json */ = {isa = PBXFileReference; fileEncoding = 4; lastKnownFileType = text.json; path = "empty-screen-dark1.json"; sourceTree = "<group>"; };
		D635D45829B60DE3008765F8 /* es */ = {isa = PBXFileReference; lastKnownFileType = text.plist.strings; name = es; path = es.lproj/Localizable.strings; sourceTree = "<group>"; };
		D635D45929B60DEE008765F8 /* fr */ = {isa = PBXFileReference; lastKnownFileType = text.plist.strings; name = fr; path = fr.lproj/Localizable.strings; sourceTree = "<group>"; };
		D635D45A29B60E0C008765F8 /* it */ = {isa = PBXFileReference; lastKnownFileType = text.plist.strings; name = it; path = it.lproj/Localizable.strings; sourceTree = "<group>"; };
		D63C9AC6299BB822008058B8 /* Info.plist */ = {isa = PBXFileReference; lastKnownFileType = text.plist; path = Info.plist; sourceTree = "<group>"; };
		D63C9AC9299BB88F008058B8 /* DailyDoodleRelease.entitlements */ = {isa = PBXFileReference; lastKnownFileType = text.plist.entitlements; path = DailyDoodleRelease.entitlements; sourceTree = "<group>"; };
		D64750C5299E5DF6003D6CC3 /* GalleryScreenView.swift */ = {isa = PBXFileReference; lastKnownFileType = sourcecode.swift; path = GalleryScreenView.swift; sourceTree = "<group>"; };
		D65AC56129A15B6E00F91B85 /* OnboardingView.swift */ = {isa = PBXFileReference; lastKnownFileType = sourcecode.swift; path = OnboardingView.swift; sourceTree = "<group>"; };
		D65AC56429A15F2800F91B85 /* FirstPage.swift */ = {isa = PBXFileReference; lastKnownFileType = sourcecode.swift; path = FirstPage.swift; sourceTree = "<group>"; };
		D65AC56629A15F3300F91B85 /* SecondPage.swift */ = {isa = PBXFileReference; lastKnownFileType = sourcecode.swift; path = SecondPage.swift; sourceTree = "<group>"; };
		D65AC56829A15F5B00F91B85 /* ThirdPage.swift */ = {isa = PBXFileReference; lastKnownFileType = sourcecode.swift; path = ThirdPage.swift; sourceTree = "<group>"; };
		D65AC56B29A1714000F91B85 /* LocalNotificationModel.swift */ = {isa = PBXFileReference; lastKnownFileType = sourcecode.swift; path = LocalNotificationModel.swift; sourceTree = "<group>"; };
		D65AC56D29A1716600F91B85 /* LocalNotificationManager.swift */ = {isa = PBXFileReference; lastKnownFileType = sourcecode.swift; path = LocalNotificationManager.swift; sourceTree = "<group>"; };
		D6AEA2C029A2536400FBE1C0 /* Comfortaa-Bold.ttf */ = {isa = PBXFileReference; lastKnownFileType = file; path = "Comfortaa-Bold.ttf"; sourceTree = "<group>"; };
/* End PBXFileReference section */

/* Begin PBXFrameworksBuildPhase section */
		0DA79585299A7B18003CA2AC /* Frameworks */ = {
			isa = PBXFrameworksBuildPhase;
			buildActionMask = 2147483647;
			files = (
				D635D44929AE4324008765F8 /* PopupView in Frameworks */,
				D6249DF029ACD5250075828B /* Lottie in Frameworks */,
			);
			runOnlyForDeploymentPostprocessing = 0;
		};
/* End PBXFrameworksBuildPhase section */

/* Begin PBXGroup section */
		0B0BD335299BB12F00268D44 /* View */ = {
			isa = PBXGroup;
			children = (
				0B0BD33B299BC56100268D44 /* Components */,
				D65AC56029A15B5200F91B85 /* Onboarding */,
				D6249DED29ACD44E0075828B /* Gallery */,
				0B0BD336299BB13A00268D44 /* Draw */,
				0B619C4929ACDC9E001DBD49 /* RoundedCorner.swift */,
				D635D44329AE2950008765F8 /* NotificationView.swift */,
			);
			path = View;
			sourceTree = "<group>";
		};
		0B0BD336299BB13A00268D44 /* Draw */ = {
			isa = PBXGroup;
			children = (
				0D6B013F299D131400B34135 /* DailyChallengeView.swift */,
				0B0BD337299BB1F400268D44 /* DrawView.swift */,
				0B0BD339299BB95100268D44 /* PKCanvasRepresentation.swift */,
			);
			path = Draw;
			sourceTree = "<group>";
		};
		0B0BD33B299BC56100268D44 /* Components */ = {
			isa = PBXGroup;
			children = (
				0B0BD370299E718200268D44 /* ElementsView.swift */,
				0D6B0146299E62FF00B34135 /* ImagePicker.swift */,
				0B0BD33E299BC9C300268D44 /* PictureView */,
				0B0BD33C299BC58500268D44 /* ReferenceImage.swift */,
				0B0BD345299D134800268D44 /* UndoAndRedoButtons.swift */,
				0BA5A27929AE43EF0092FE45 /* NavigationUtil.swift */,
			);
			path = Components;
			sourceTree = "<group>";
		};
		0B0BD33E299BC9C300268D44 /* PictureView */ = {
			isa = PBXGroup;
			children = (
				0B0BD33F299BC9DA00268D44 /* ZoomableScrollView.swift */,
				0B0BD341299BC9F800268D44 /* FullPictureView.swift */,
				0B0BD343299BCA5900268D44 /* FullScreenModalView.swift */,
			);
			path = PictureView;
			sourceTree = "<group>";
		};
		0B0BD38229A7B0C800268D44 /* Utils */ = {
			isa = PBXGroup;
			children = (
				D6249DF129ACD5B80075828B /* Lottie */,
				0B0BD39929A8EFFE00268D44 /* Localizable.strings */,
				0D6B0138299BB84A00B34135 /* Fonts */,
				D65AC56A29A1711000F91B85 /* LocalNotificationManager */,
				0B0BD38329A7B0DC00268D44 /* DateHelper.swift */,
				D635D44E29B0DB44008765F8 /* ImagensDescription.json */,
				D635D45029B0E5AC008765F8 /* DecoderJSON.swift */,
			);
			path = Utils;
			sourceTree = "<group>";
		};
		0B0BD38929A7B4F900268D44 /* CoreData_iCloud */ = {
			isa = PBXGroup;
			children = (
				0B0BD38A29A7B51700268D44 /* DailyDoodleModel.xcdatamodeld */,
				0B0BD38D29A7B58F00268D44 /* Drawing.swift */,
				0B0BD38F29A7B5A200268D44 /* Persistence.swift */,
				0B0BD39129A7B5B800268D44 /* DrawsViewModel.swift */,
				0B0BD39329A7B5D100268D44 /* UIImageTransformer.swift */,
			);
			path = CoreData_iCloud;
			sourceTree = "<group>";
		};
		0D6B0138299BB84A00B34135 /* Fonts */ = {
			isa = PBXGroup;
			children = (
				0B0BD38029A788A500268D44 /* Comfortaa-Regular.ttf */,
				D6AEA2C029A2536400FBE1C0 /* Comfortaa-Bold.ttf */,
			);
			path = Fonts;
			sourceTree = "<group>";
		};
		0DA7957F299A7B18003CA2AC = {
			isa = PBXGroup;
			children = (
				0DA7958A299A7B18003CA2AC /* DailyDoodle */,
				0DA79589299A7B18003CA2AC /* Products */,
			);
			sourceTree = "<group>";
		};
		0DA79589299A7B18003CA2AC /* Products */ = {
			isa = PBXGroup;
			children = (
				0DA79588299A7B18003CA2AC /* DailyDoodle.app */,
			);
			name = Products;
			sourceTree = "<group>";
		};
		0DA7958A299A7B18003CA2AC /* DailyDoodle */ = {
			isa = PBXGroup;
			children = (
				0B0BD335299BB12F00268D44 /* View */,
				0B0BD38929A7B4F900268D44 /* CoreData_iCloud */,
				0B0BD38229A7B0C800268D44 /* Utils */,
				0B0BD38129A790EE00268D44 /* DailyDoodle.entitlements */,
				0B0BD37629A7875600268D44 /* ContentView.swift */,
				D63C9AC9299BB88F008058B8 /* DailyDoodleRelease.entitlements */,
				D63C9AC6299BB822008058B8 /* Info.plist */,
				0DA7958B299A7B18003CA2AC /* DailyDoodleApp.swift */,
				0DA7958F299A7B19003CA2AC /* Assets.xcassets */,
				0DA79591299A7B19003CA2AC /* Preview Content */,
			);
			path = DailyDoodle;
			sourceTree = "<group>";
		};
		0DA79591299A7B19003CA2AC /* Preview Content */ = {
			isa = PBXGroup;
			children = (
				0DA79592299A7B19003CA2AC /* Preview Assets.xcassets */,
			);
			path = "Preview Content";
			sourceTree = "<group>";
		};
		D6249DED29ACD44E0075828B /* Gallery */ = {
			isa = PBXGroup;
			children = (
				D64750C5299E5DF6003D6CC3 /* GalleryScreenView.swift */,
				0B0BD36E299E718000268D44 /* GalleryPreviews.swift */,
			);
			path = Gallery;
			sourceTree = "<group>";
		};
		D6249DF129ACD5B80075828B /* Lottie */ = {
			isa = PBXGroup;
			children = (
				D635D45629B21AFB008765F8 /* empty-screen-dark1.json */,
				D635D44A29AF9C97008765F8 /* empty-screen-light.json */,
				0BA5A27B29AE4C9E0092FE45 /* confirm-dark.json */,
				0B619C4B29AE29E7001DBD49 /* confirm.json */,
				D6249DF229ACD5DB0075828B /* DarkMode.json */,
				D6249DF329ACD5DC0075828B /* LightMode.json */,
				D6249DF629ACD6B40075828B /* LottieView.swift */,
			);
			path = Lottie;
			sourceTree = "<group>";
		};
		D65AC56029A15B5200F91B85 /* Onboarding */ = {
			isa = PBXGroup;
			children = (
				D65AC56129A15B6E00F91B85 /* OnboardingView.swift */,
				D65AC56329A15F1600F91B85 /* ContainerOnboarding */,
			);
			path = Onboarding;
			sourceTree = "<group>";
		};
		D65AC56329A15F1600F91B85 /* ContainerOnboarding */ = {
			isa = PBXGroup;
			children = (
				D65AC56429A15F2800F91B85 /* FirstPage.swift */,
				D65AC56629A15F3300F91B85 /* SecondPage.swift */,
				D65AC56829A15F5B00F91B85 /* ThirdPage.swift */,
			);
			path = ContainerOnboarding;
			sourceTree = "<group>";
		};
		D65AC56A29A1711000F91B85 /* LocalNotificationManager */ = {
			isa = PBXGroup;
			children = (
				D65AC56B29A1714000F91B85 /* LocalNotificationModel.swift */,
				D65AC56D29A1716600F91B85 /* LocalNotificationManager.swift */,
			);
			path = LocalNotificationManager;
			sourceTree = "<group>";
		};
/* End PBXGroup section */

/* Begin PBXNativeTarget section */
		0DA79587299A7B18003CA2AC /* DailyDoodle */ = {
			isa = PBXNativeTarget;
			buildConfigurationList = 0DA79596299A7B19003CA2AC /* Build configuration list for PBXNativeTarget "DailyDoodle" */;
			buildPhases = (
				0DA79584299A7B18003CA2AC /* Sources */,
				0DA79585299A7B18003CA2AC /* Frameworks */,
				0DA79586299A7B18003CA2AC /* Resources */,
				0DA79599299A7B79003CA2AC /* ShellScript */,
			);
			buildRules = (
			);
			dependencies = (
			);
			name = DailyDoodle;
			packageProductDependencies = (
				D6249DEF29ACD5250075828B /* Lottie */,
				D635D44829AE4324008765F8 /* PopupView */,
			);
			productName = DailyDoodle;
			productReference = 0DA79588299A7B18003CA2AC /* DailyDoodle.app */;
			productType = "com.apple.product-type.application";
		};
/* End PBXNativeTarget section */

/* Begin PBXProject section */
		0DA79580299A7B18003CA2AC /* Project object */ = {
			isa = PBXProject;
			attributes = {
				BuildIndependentTargetsInParallel = 1;
				LastSwiftUpdateCheck = 1420;
				LastUpgradeCheck = 1420;
				TargetAttributes = {
					0DA79587299A7B18003CA2AC = {
						CreatedOnToolsVersion = 14.2;
					};
				};
			};
			buildConfigurationList = 0DA79583299A7B18003CA2AC /* Build configuration list for PBXProject "DailyDoodle" */;
			compatibilityVersion = "Xcode 14.0";
			developmentRegion = en;
			hasScannedForEncodings = 0;
			knownRegions = (
				en,
				Base,
				"pt-BR",
				es,
				fr,
				it,
			);
			mainGroup = 0DA7957F299A7B18003CA2AC;
			packageReferences = (
				D6249DEE29ACD5250075828B /* XCRemoteSwiftPackageReference "lottie-ios" */,
				D635D44729AE4324008765F8 /* XCRemoteSwiftPackageReference "PopupView" */,
			);
			productRefGroup = 0DA79589299A7B18003CA2AC /* Products */;
			projectDirPath = "";
			projectRoot = "";
			targets = (
				0DA79587299A7B18003CA2AC /* DailyDoodle */,
			);
		};
/* End PBXProject section */

/* Begin PBXResourcesBuildPhase section */
		0DA79586299A7B18003CA2AC /* Resources */ = {
			isa = PBXResourcesBuildPhase;
			buildActionMask = 2147483647;
			files = (
				D6249DF429ACD5DC0075828B /* DarkMode.json in Resources */,
				D635D44B29AF9C97008765F8 /* empty-screen-light.json in Resources */,
				0B619C4C29AE29E7001DBD49 /* confirm.json in Resources */,
				0DA79593299A7B19003CA2AC /* Preview Assets.xcassets in Resources */,
				0B0BD39729A8EFFE00268D44 /* Localizable.strings in Resources */,
				0DA79590299A7B19003CA2AC /* Assets.xcassets in Resources */,
				D6249DF529ACD5DC0075828B /* LightMode.json in Resources */,
				0BA5A27C29AE4C9E0092FE45 /* confirm-dark.json in Resources */,
				D6AEA2C229A2536400FBE1C0 /* Comfortaa-Bold.ttf in Resources */,
				D635D44F29B0DB44008765F8 /* ImagensDescription.json in Resources */,
				D635D45729B21AFB008765F8 /* empty-screen-dark1.json in Resources */,
			);
			runOnlyForDeploymentPostprocessing = 0;
		};
/* End PBXResourcesBuildPhase section */

/* Begin PBXShellScriptBuildPhase section */
		0DA79599299A7B79003CA2AC /* ShellScript */ = {
			isa = PBXShellScriptBuildPhase;
			buildActionMask = 2147483647;
			files = (
			);
			inputFileListPaths = (
			);
			inputPaths = (
			);
			outputFileListPaths = (
			);
			outputPaths = (
			);
			runOnlyForDeploymentPostprocessing = 0;
			shellPath = /bin/sh;
			shellScript = "
";
		};
/* End PBXShellScriptBuildPhase section */

/* Begin PBXSourcesBuildPhase section */
		0DA79584299A7B18003CA2AC /* Sources */ = {
			isa = PBXSourcesBuildPhase;
			buildActionMask = 2147483647;
			files = (
				0B0BD33A299BB95100268D44 /* PKCanvasRepresentation.swift in Sources */,
				D65AC56929A15F5B00F91B85 /* ThirdPage.swift in Sources */,
				0D6B0140299D131400B34135 /* DailyChallengeView.swift in Sources */,
				0D6B0147299E62FF00B34135 /* ImagePicker.swift in Sources */,
				0DA7958C299A7B18003CA2AC /* DailyDoodleApp.swift in Sources */,
				0B0BD338299BB1F400268D44 /* DrawView.swift in Sources */,
				0B0BD39229A7B5B800268D44 /* DrawsViewModel.swift in Sources */,
				D65AC56229A15B6E00F91B85 /* OnboardingView.swift in Sources */,
				0B0BD37729A7875600268D44 /* ContentView.swift in Sources */,
				0B0BD340299BC9DA00268D44 /* ZoomableScrollView.swift in Sources */,
				0B0BD346299D134800268D44 /* UndoAndRedoButtons.swift in Sources */,
				D6249DF729ACD6B40075828B /* LottieView.swift in Sources */,
				0B0BD36F299E718000268D44 /* GalleryPreviews.swift in Sources */,
				0B0BD342299BC9F800268D44 /* FullPictureView.swift in Sources */,
				0B0BD38C29A7B51700268D44 /* DailyDoodleModel.xcdatamodeld in Sources */,
				0B0BD33D299BC58500268D44 /* ReferenceImage.swift in Sources */,
				0B0BD344299BCA5A00268D44 /* FullScreenModalView.swift in Sources */,
				0BA5A27A29AE43EF0092FE45 /* NavigationUtil.swift in Sources */,
				D65AC56E29A1716600F91B85 /* LocalNotificationManager.swift in Sources */,
				D64750C6299E5DF6003D6CC3 /* GalleryScreenView.swift in Sources */,
				D65AC56529A15F2800F91B85 /* FirstPage.swift in Sources */,
				0DA7958C299A7B18003CA2AC /* DailyDoodleApp.swift in Sources */,
				0B619C4A29ACDC9E001DBD49 /* RoundedCorner.swift in Sources */,
				0B0BD39429A7B5D100268D44 /* UIImageTransformer.swift in Sources */,
				0B0BD39029A7B5A200268D44 /* Persistence.swift in Sources */,
				D65AC56C29A1714000F91B85 /* LocalNotificationModel.swift in Sources */,
				0B0BD38E29A7B58F00268D44 /* Drawing.swift in Sources */,
				0B0BD38429A7B0DC00268D44 /* DateHelper.swift in Sources */,
				D635D45129B0E5AC008765F8 /* DecoderJSON.swift in Sources */,
				0B0BD371299E718200268D44 /* ElementsView.swift in Sources */,
				D65AC56729A15F3300F91B85 /* SecondPage.swift in Sources */,
				D635D44429AE2950008765F8 /* NotificationView.swift in Sources */,
			);
			runOnlyForDeploymentPostprocessing = 0;
		};
/* End PBXSourcesBuildPhase section */

/* Begin PBXVariantGroup section */
		0B0BD39929A8EFFE00268D44 /* Localizable.strings */ = {
			isa = PBXVariantGroup;
			children = (
				0B0BD39829A8EFFE00268D44 /* pt-BR */,
				0B0BD39A29A8F00600268D44 /* en */,
				D635D45829B60DE3008765F8 /* es */,
				D635D45929B60DEE008765F8 /* fr */,
				D635D45A29B60E0C008765F8 /* it */,
			);
			name = Localizable.strings;
			sourceTree = "<group>";
		};
/* End PBXVariantGroup section */

/* Begin XCBuildConfiguration section */
		0DA79594299A7B19003CA2AC /* Debug */ = {
			isa = XCBuildConfiguration;
			buildSettings = {
				ALWAYS_SEARCH_USER_PATHS = NO;
				CLANG_ANALYZER_NONNULL = YES;
				CLANG_ANALYZER_NUMBER_OBJECT_CONVERSION = YES_AGGRESSIVE;
				CLANG_CXX_LANGUAGE_STANDARD = "gnu++20";
				CLANG_ENABLE_MODULES = YES;
				CLANG_ENABLE_OBJC_ARC = YES;
				CLANG_ENABLE_OBJC_WEAK = YES;
				CLANG_WARN_BLOCK_CAPTURE_AUTORELEASING = YES;
				CLANG_WARN_BOOL_CONVERSION = YES;
				CLANG_WARN_COMMA = YES;
				CLANG_WARN_CONSTANT_CONVERSION = YES;
				CLANG_WARN_DEPRECATED_OBJC_IMPLEMENTATIONS = YES;
				CLANG_WARN_DIRECT_OBJC_ISA_USAGE = YES_ERROR;
				CLANG_WARN_DOCUMENTATION_COMMENTS = YES;
				CLANG_WARN_EMPTY_BODY = YES;
				CLANG_WARN_ENUM_CONVERSION = YES;
				CLANG_WARN_INFINITE_RECURSION = YES;
				CLANG_WARN_INT_CONVERSION = YES;
				CLANG_WARN_NON_LITERAL_NULL_CONVERSION = YES;
				CLANG_WARN_OBJC_IMPLICIT_RETAIN_SELF = YES;
				CLANG_WARN_OBJC_LITERAL_CONVERSION = YES;
				CLANG_WARN_OBJC_ROOT_CLASS = YES_ERROR;
				CLANG_WARN_QUOTED_INCLUDE_IN_FRAMEWORK_HEADER = YES;
				CLANG_WARN_RANGE_LOOP_ANALYSIS = YES;
				CLANG_WARN_STRICT_PROTOTYPES = YES;
				CLANG_WARN_SUSPICIOUS_MOVE = YES;
				CLANG_WARN_UNGUARDED_AVAILABILITY = YES_AGGRESSIVE;
				CLANG_WARN_UNREACHABLE_CODE = YES;
				CLANG_WARN__DUPLICATE_METHOD_MATCH = YES;
				CODE_SIGN_STYLE = Automatic;
				COPY_PHASE_STRIP = NO;
				DEBUG_INFORMATION_FORMAT = dwarf;
				DEVELOPMENT_TEAM = QW8X8R78UC;
				ENABLE_STRICT_OBJC_MSGSEND = YES;
				ENABLE_TESTABILITY = YES;
				GCC_C_LANGUAGE_STANDARD = gnu11;
				GCC_DYNAMIC_NO_PIC = NO;
				GCC_NO_COMMON_BLOCKS = YES;
				GCC_OPTIMIZATION_LEVEL = 0;
				GCC_PREPROCESSOR_DEFINITIONS = (
					"DEBUG=1",
					"$(inherited)",
				);
				GCC_WARN_64_TO_32_BIT_CONVERSION = YES;
				GCC_WARN_ABOUT_RETURN_TYPE = YES_ERROR;
				GCC_WARN_UNDECLARED_SELECTOR = YES;
				GCC_WARN_UNINITIALIZED_AUTOS = YES_AGGRESSIVE;
				GCC_WARN_UNUSED_FUNCTION = YES;
				GCC_WARN_UNUSED_VARIABLE = YES;
				IPHONEOS_DEPLOYMENT_TARGET = 16.0;
				MTL_ENABLE_DEBUG_INFO = INCLUDE_SOURCE;
				MTL_FAST_MATH = YES;
				ONLY_ACTIVE_ARCH = YES;
				SDKROOT = iphoneos;
				SWIFT_ACTIVE_COMPILATION_CONDITIONS = DEBUG;
				SWIFT_OPTIMIZATION_LEVEL = "-Onone";
			};
			name = Debug;
		};
		0DA79595299A7B19003CA2AC /* Release */ = {
			isa = XCBuildConfiguration;
			buildSettings = {
				ALWAYS_SEARCH_USER_PATHS = NO;
				CLANG_ANALYZER_NONNULL = YES;
				CLANG_ANALYZER_NUMBER_OBJECT_CONVERSION = YES_AGGRESSIVE;
				CLANG_CXX_LANGUAGE_STANDARD = "gnu++20";
				CLANG_ENABLE_MODULES = YES;
				CLANG_ENABLE_OBJC_ARC = YES;
				CLANG_ENABLE_OBJC_WEAK = YES;
				CLANG_WARN_BLOCK_CAPTURE_AUTORELEASING = YES;
				CLANG_WARN_BOOL_CONVERSION = YES;
				CLANG_WARN_COMMA = YES;
				CLANG_WARN_CONSTANT_CONVERSION = YES;
				CLANG_WARN_DEPRECATED_OBJC_IMPLEMENTATIONS = YES;
				CLANG_WARN_DIRECT_OBJC_ISA_USAGE = YES_ERROR;
				CLANG_WARN_DOCUMENTATION_COMMENTS = YES;
				CLANG_WARN_EMPTY_BODY = YES;
				CLANG_WARN_ENUM_CONVERSION = YES;
				CLANG_WARN_INFINITE_RECURSION = YES;
				CLANG_WARN_INT_CONVERSION = YES;
				CLANG_WARN_NON_LITERAL_NULL_CONVERSION = YES;
				CLANG_WARN_OBJC_IMPLICIT_RETAIN_SELF = YES;
				CLANG_WARN_OBJC_LITERAL_CONVERSION = YES;
				CLANG_WARN_OBJC_ROOT_CLASS = YES_ERROR;
				CLANG_WARN_QUOTED_INCLUDE_IN_FRAMEWORK_HEADER = YES;
				CLANG_WARN_RANGE_LOOP_ANALYSIS = YES;
				CLANG_WARN_STRICT_PROTOTYPES = YES;
				CLANG_WARN_SUSPICIOUS_MOVE = YES;
				CLANG_WARN_UNGUARDED_AVAILABILITY = YES_AGGRESSIVE;
				CLANG_WARN_UNREACHABLE_CODE = YES;
				CLANG_WARN__DUPLICATE_METHOD_MATCH = YES;
				CODE_SIGN_STYLE = Automatic;
				COPY_PHASE_STRIP = NO;
				DEBUG_INFORMATION_FORMAT = "dwarf-with-dsym";
				DEVELOPMENT_TEAM = QW8X8R78UC;
				ENABLE_NS_ASSERTIONS = NO;
				ENABLE_STRICT_OBJC_MSGSEND = YES;
				GCC_C_LANGUAGE_STANDARD = gnu11;
				GCC_NO_COMMON_BLOCKS = YES;
				GCC_WARN_64_TO_32_BIT_CONVERSION = YES;
				GCC_WARN_ABOUT_RETURN_TYPE = YES_ERROR;
				GCC_WARN_UNDECLARED_SELECTOR = YES;
				GCC_WARN_UNINITIALIZED_AUTOS = YES_AGGRESSIVE;
				GCC_WARN_UNUSED_FUNCTION = YES;
				GCC_WARN_UNUSED_VARIABLE = YES;
				IPHONEOS_DEPLOYMENT_TARGET = 16.0;
				MTL_ENABLE_DEBUG_INFO = NO;
				MTL_FAST_MATH = YES;
				SDKROOT = iphoneos;
				SWIFT_COMPILATION_MODE = wholemodule;
				SWIFT_OPTIMIZATION_LEVEL = "-O";
				VALIDATE_PRODUCT = YES;
			};
			name = Release;
		};
		0DA79597299A7B19003CA2AC /* Debug */ = {
			isa = XCBuildConfiguration;
			buildSettings = {
				ASSETCATALOG_COMPILER_APPICON_NAME = AppIcon;
				ASSETCATALOG_COMPILER_GLOBAL_ACCENT_COLOR_NAME = AccentColor;
				CODE_SIGN_ENTITLEMENTS = DailyDoodle/DailyDoodle.entitlements;
				CODE_SIGN_IDENTITY = "Apple Development";
				CODE_SIGN_STYLE = Automatic;
				CURRENT_PROJECT_VERSION = 7;
				DEVELOPMENT_ASSET_PATHS = "\"DailyDoodle/Preview Content\"";
				DEVELOPMENT_TEAM = QW8X8R78UC;
				ENABLE_PREVIEWS = YES;
				GENERATE_INFOPLIST_FILE = YES;
				INFOPLIST_FILE = DailyDoodle/Info.plist;
				INFOPLIST_KEY_UIApplicationSupportsIndirectInputEvents = YES;
				INFOPLIST_KEY_UILaunchScreen_Generation = YES;
				INFOPLIST_KEY_UISupportedInterfaceOrientations = UIInterfaceOrientationPortrait;
				IPHONEOS_DEPLOYMENT_TARGET = 16.0;
				LD_RUNPATH_SEARCH_PATHS = (
					"$(inherited)",
					"@executable_path/Frameworks",
				);
				MARKETING_VERSION = 0.1.0;
				PRODUCT_BUNDLE_IDENTIFIER = com.Ieda.DailyDoodle;
				PRODUCT_NAME = "$(TARGET_NAME)";
				PROVISIONING_PROFILE_SPECIFIER = "";
				SUPPORTED_PLATFORMS = "iphoneos iphonesimulator";
				SUPPORTS_MACCATALYST = NO;
				SUPPORTS_MAC_DESIGNED_FOR_IPHONE_IPAD = NO;
				SWIFT_EMIT_LOC_STRINGS = YES;
				SWIFT_VERSION = 5.0;
				TARGETED_DEVICE_FAMILY = 1;
			};
			name = Debug;
		};
		0DA79598299A7B19003CA2AC /* Release */ = {
			isa = XCBuildConfiguration;
			buildSettings = {
				ASSETCATALOG_COMPILER_APPICON_NAME = AppIcon;
				ASSETCATALOG_COMPILER_GLOBAL_ACCENT_COLOR_NAME = AccentColor;
				CODE_SIGN_ENTITLEMENTS = DailyDoodle/DailyDoodleRelease.entitlements;
				CODE_SIGN_IDENTITY = "Apple Development";
				CODE_SIGN_STYLE = Automatic;
				CURRENT_PROJECT_VERSION = 7;
				DEVELOPMENT_ASSET_PATHS = "\"DailyDoodle/Preview Content\"";
				DEVELOPMENT_TEAM = QW8X8R78UC;
				ENABLE_PREVIEWS = YES;
				GENERATE_INFOPLIST_FILE = YES;
				INFOPLIST_FILE = DailyDoodle/Info.plist;
				INFOPLIST_KEY_UIApplicationSupportsIndirectInputEvents = YES;
				INFOPLIST_KEY_UILaunchScreen_Generation = YES;
				INFOPLIST_KEY_UISupportedInterfaceOrientations = UIInterfaceOrientationPortrait;
				IPHONEOS_DEPLOYMENT_TARGET = 16.0;
				LD_RUNPATH_SEARCH_PATHS = (
					"$(inherited)",
					"@executable_path/Frameworks",
				);
				MARKETING_VERSION = 0.1.0;
				PRODUCT_BUNDLE_IDENTIFIER = com.Ieda.DailyDoodle;
				PRODUCT_NAME = "$(TARGET_NAME)";
				PROVISIONING_PROFILE_SPECIFIER = "";
				SUPPORTED_PLATFORMS = "iphoneos iphonesimulator";
				SUPPORTS_MACCATALYST = NO;
				SUPPORTS_MAC_DESIGNED_FOR_IPHONE_IPAD = NO;
				SWIFT_EMIT_LOC_STRINGS = YES;
				SWIFT_VERSION = 5.0;
				TARGETED_DEVICE_FAMILY = 1;
			};
			name = Release;
		};
/* End XCBuildConfiguration section */

/* Begin XCConfigurationList section */
		0DA79583299A7B18003CA2AC /* Build configuration list for PBXProject "DailyDoodle" */ = {
			isa = XCConfigurationList;
			buildConfigurations = (
				0DA79594299A7B19003CA2AC /* Debug */,
				0DA79595299A7B19003CA2AC /* Release */,
			);
			defaultConfigurationIsVisible = 0;
			defaultConfigurationName = Release;
		};
		0DA79596299A7B19003CA2AC /* Build configuration list for PBXNativeTarget "DailyDoodle" */ = {
			isa = XCConfigurationList;
			buildConfigurations = (
				0DA79597299A7B19003CA2AC /* Debug */,
				0DA79598299A7B19003CA2AC /* Release */,
			);
			defaultConfigurationIsVisible = 0;
			defaultConfigurationName = Release;
		};
/* End XCConfigurationList section */

/* Begin XCRemoteSwiftPackageReference section */
		D6249DEE29ACD5250075828B /* XCRemoteSwiftPackageReference "lottie-ios" */ = {
			isa = XCRemoteSwiftPackageReference;
			repositoryURL = "https://github.com/airbnb/lottie-ios.git";
			requirement = {
				branch = master;
				kind = branch;
			};
		};
		D635D44729AE4324008765F8 /* XCRemoteSwiftPackageReference "PopupView" */ = {
			isa = XCRemoteSwiftPackageReference;
			repositoryURL = "https://github.com/exyte/PopupView.git";
			requirement = {
				kind = upToNextMajorVersion;
				minimumVersion = 2.0.0;
			};
		};
/* End XCRemoteSwiftPackageReference section */

/* Begin XCSwiftPackageProductDependency section */
		D6249DEF29ACD5250075828B /* Lottie */ = {
			isa = XCSwiftPackageProductDependency;
			package = D6249DEE29ACD5250075828B /* XCRemoteSwiftPackageReference "lottie-ios" */;
			productName = Lottie;
		};
		D635D44829AE4324008765F8 /* PopupView */ = {
			isa = XCSwiftPackageProductDependency;
			package = D635D44729AE4324008765F8 /* XCRemoteSwiftPackageReference "PopupView" */;
			productName = PopupView;
		};
/* End XCSwiftPackageProductDependency section */

/* Begin XCVersionGroup section */
		0B0BD38A29A7B51700268D44 /* DailyDoodleModel.xcdatamodeld */ = {
			isa = XCVersionGroup;
			children = (
				0B0BD38B29A7B51700268D44 /* DailyDoodleModel.xcdatamodel */,
			);
			currentVersion = 0B0BD38B29A7B51700268D44 /* DailyDoodleModel.xcdatamodel */;
			path = DailyDoodleModel.xcdatamodeld;
			sourceTree = "<group>";
			versionGroupType = wrapper.xcdatamodel;
		};
/* End XCVersionGroup section */
	};
	rootObject = 0DA79580299A7B18003CA2AC /* Project object */;
}
